{
  "lib/chainlink": {
    "tag": {
      "name": "v2.32.0",
      "rev": "7e833a4d423ae32a0e51b15b5dfc288c18cbdae8"
    }
  },
  "lib/chainlink-evm": {
    "tag": {
      "name": "contracts-v1.5.0",
      "rev": "86aa5a1d34b20eda8d18fe6eb0e4882948e545ba"
    }
  },
  "lib/forge-std": {
    "tag": {
      "name": "v1.14.0",
      "rev": "1801b0541f4fda118a10798fd3486bb7051c5dd6"
    }
  },
  "lib/openzeppelin-contracts": {
    "tag": {
      "name": "v4.9.3",
      "rev": "fd81a96f01cc42ef1c9a5399364968d0e07e9e90"
    }
  }
}